
Microsoft Visual Studio Solution File, Format Version 12.00
# Visual Studio 14
VisualStudioVersion = 14.0.24720.0
MinimumVisualStudioVersion = 10.0.40219.1
Project("{8BC9CEB8-8B4A-11D0-8D11-00A0C91BC942}") = "n2draw", "n2draw\project\n2draw.vcxproj", "{3D708344-EB1C-4216-B2CA-B4A87A4CFE14}"
	ProjectSection(ProjectDependencies) = postProject
		{818DA646-CA70-491C-92A2-421CB4E6D855} = {818DA646-CA70-491C-92A2-421CB4E6D855}
	EndProjectSection
EndProject
Project("{8BC9CEB8-8B4A-11D0-8D11-00A0C91BC942}") = "tests", "tests\project\tests.vcxproj", "{9F654052-A08C-4FBC-88DE-87F96C0DE813}"
	ProjectSection(ProjectDependencies) = postProject
		{3D708344-EB1C-4216-B2CA-B4A87A4CFE14} = {3D708344-EB1C-4216-B2CA-B4A87A4CFE14}
		{818DA646-CA70-491C-92A2-421CB4E6D855} = {818DA646-CA70-491C-92A2-421CB4E6D855}
	EndProjectSection
EndProject
Project("{8BC9CEB8-8B4A-11D0-8D11-00A0C91BC942}") = "bmpImageStatic", "bmpImage\bmpImageStatic.vcxproj", "{818DA646-CA70-491C-92A2-421CB4E6D855}"
EndProject
Global
	GlobalSection(SolutionConfigurationPlatforms) = preSolution
		Debug|ARM = Debug|ARM
		Debug|ARM64 = Debug|ARM64
		Debug|x64 = Debug|x64
		Debug|x86 = Debug|x86
		Release|ARM = Release|ARM
		Release|ARM64 = Release|ARM64
		Release|x64 = Release|x64
		Release|x86 = Release|x86
	EndGlobalSection
	GlobalSection(ProjectConfigurationPlatforms) = postSolution
		{3D708344-EB1C-4216-B2CA-B4A87A4CFE14}.Debug|ARM.ActiveCfg = Debug|ARM
		{3D708344-EB1C-4216-B2CA-B4A87A4CFE14}.Debug|ARM.Build.0 = Debug|ARM
		{3D708344-EB1C-4216-B2CA-B4A87A4CFE14}.Debug|ARM64.ActiveCfg = Debug|Win32
		{3D708344-EB1C-4216-B2CA-B4A87A4CFE14}.Debug|x64.ActiveCfg = Debug|x64
		{3D708344-EB1C-4216-B2CA-B4A87A4CFE14}.Debug|x64.Build.0 = Debug|x64
		{3D708344-EB1C-4216-B2CA-B4A87A4CFE14}.Debug|x86.ActiveCfg = Debug|Win32
		{3D708344-EB1C-4216-B2CA-B4A87A4CFE14}.Debug|x86.Build.0 = Debug|Win32
		{3D708344-EB1C-4216-B2CA-B4A87A4CFE14}.Release|ARM.ActiveCfg = Release|ARM
		{3D708344-EB1C-4216-B2CA-B4A87A4CFE14}.Release|ARM.Build.0 = Release|ARM
		{3D708344-EB1C-4216-B2CA-B4A87A4CFE14}.Release|ARM64.ActiveCfg = Release|Win32
		{3D708344-EB1C-4216-B2CA-B4A87A4CFE14}.Release|x64.ActiveCfg = Release|x64
		{3D708344-EB1C-4216-B2CA-B4A87A4CFE14}.Release|x64.Build.0 = Release|x64
		{3D708344-EB1C-4216-B2CA-B4A87A4CFE14}.Release|x86.ActiveCfg = Release|Win32
		{3D708344-EB1C-4216-B2CA-B4A87A4CFE14}.Release|x86.Build.0 = Release|Win32
		{9F654052-A08C-4FBC-88DE-87F96C0DE813}.Debug|ARM.ActiveCfg = Debug|Win32
		{9F654052-A08C-4FBC-88DE-87F96C0DE813}.Debug|ARM64.ActiveCfg = Debug|Win32
		{9F654052-A08C-4FBC-88DE-87F96C0DE813}.Debug|x64.ActiveCfg = Debug|x64
		{9F654052-A08C-4FBC-88DE-87F96C0DE813}.Debug|x64.Build.0 = Debug|x64
		{9F654052-A08C-4FBC-88DE-87F96C0DE813}.Debug|x86.ActiveCfg = Debug|Win32
		{9F654052-A08C-4FBC-88DE-87F96C0DE813}.Debug|x86.Build.0 = Debug|Win32
		{9F654052-A08C-4FBC-88DE-87F96C0DE813}.Release|ARM.ActiveCfg = Release|Win32
		{9F654052-A08C-4FBC-88DE-87F96C0DE813}.Release|ARM64.ActiveCfg = Release|Win32
		{9F654052-A08C-4FBC-88DE-87F96C0DE813}.Release|x64.ActiveCfg = Release|x64
		{9F654052-A08C-4FBC-88DE-87F96C0DE813}.Release|x64.Build.0 = Release|x64
		{9F654052-A08C-4FBC-88DE-87F96C0DE813}.Release|x86.ActiveCfg = Release|Win32
		{9F654052-A08C-4FBC-88DE-87F96C0DE813}.Release|x86.Build.0 = Release|Win32
		{818DA646-CA70-491C-92A2-421CB4E6D855}.Debug|ARM.ActiveCfg = Debug|ARM
		{818DA646-CA70-491C-92A2-421CB4E6D855}.Debug|ARM.Build.0 = Debug|ARM
		{818DA646-CA70-491C-92A2-421CB4E6D855}.Debug|ARM64.ActiveCfg = Debug|ARM64
		{818DA646-CA70-491C-92A2-421CB4E6D855}.Debug|ARM64.Build.0 = Debug|ARM64
		{818DA646-CA70-491C-92A2-421CB4E6D855}.Debug|x64.ActiveCfg = Debug|x64
		{818DA646-CA70-491C-92A2-421CB4E6D855}.Debug|x64.Build.0 = Debug|x64
		{818DA646-CA70-491C-92A2-421CB4E6D855}.Debug|x86.ActiveCfg = Debug|Win32
		{818DA646-CA70-491C-92A2-421CB4E6D855}.Debug|x86.Build.0 = Debug|Win32
		{818DA646-CA70-491C-92A2-421CB4E6D855}.Debug|x86.Deploy.0 = Debug|Win32
		{818DA646-CA70-491C-92A2-421CB4E6D855}.Release|ARM.ActiveCfg = Release|ARM
		{818DA646-CA70-491C-92A2-421CB4E6D855}.Release|ARM.Build.0 = Release|ARM
		{818DA646-CA70-491C-92A2-421CB4E6D855}.Release|ARM64.ActiveCfg = Release|ARM64
		{818DA646-CA70-491C-92A2-421CB4E6D855}.Release|ARM64.Build.0 = Release|ARM64
		{818DA646-CA70-491C-92A2-421CB4E6D855}.Release|x64.ActiveCfg = Release|x64
		{818DA646-CA70-491C-92A2-421CB4E6D855}.Release|x64.Build.0 = Release|x64
		{818DA646-CA70-491C-92A2-421CB4E6D855}.Release|x86.ActiveCfg = Release|Win32
		{818DA646-CA70-491C-92A2-421CB4E6D855}.Release|x86.Build.0 = Release|Win32
		{818DA646-CA70-491C-92A2-421CB4E6D855}.Release|x86.Deploy.0 = Release|Win32
	EndGlobalSection
	GlobalSection(SolutionProperties) = preSolution
		HideSolutionNode = FALSE
	EndGlobalSection
EndGlobal
