<?xml version="1.0" encoding="utf-8"?>
<Project ToolsVersion="4.0" xmlns="http://schemas.microsoft.com/developer/msbuild/2003">
  <ItemGroup>
    <Filter Include="header">
      <UniqueIdentifier>{93995380-89BD-4b04-88EB-625FBE52EBFB}</UniqueIdentifier>
      <Extensions>h;hh;hpp;hxx;hm;inl;inc;xsd</Extensions>
    </Filter>
    <Filter Include="source">
      <UniqueIdentifier>{4FC737F1-C7A5-4376-A066-2A32D752A2FF}</UniqueIdentifier>
      <Extensions>cpp;c;cc;cxx;def;odl;idl;hpj;bat;asm;asmx</Extensions>
    </Filter>
    <Filter Include="resource">
      <UniqueIdentifier>{67DA6AB6-F800-4c08-8B7A-83BB121AAD01}</UniqueIdentifier>
      <Extensions>rc;ico;cur;bmp;dlg;rc2;rct;bin;rgs;gif;jpg;jpeg;jpe;resx;tiff;tif;png;wav;mfcribbon-ms</Extensions>
    </Filter>
  </ItemGroup>
  <ItemGroup>
    <ClInclude Include="..\header\MerlinoVCPU.h">
      <Filter>header</Filter>
    </ClInclude>
    <ClInclude Include="..\header\n2appmanager.h">
      <Filter>header</Filter>
    </ClInclude>
    <ClInclude Include="..\header\n2commander.h">
      <Filter>header</Filter>
    </ClInclude>
    <ClInclude Include="..\header\n2connection.h">
      <Filter>header</Filter>
    </ClInclude>
    <ClInclude Include="..\header\n2draw.h">
      <Filter>header</Filter>
    </ClInclude>
    <ClInclude Include="..\header\n2drawmanager.h">
      <Filter>header</Filter>
    </ClInclude>
    <ClInclude Include="..\header\n2exception.h">
      <Filter>header</Filter>
    </ClInclude>
    <ClInclude Include="..\header\n2exthandler.h">
      <Filter>header</Filter>
    </ClInclude>
    <ClInclude Include="..\header\n2imagemanager.h">
      <Filter>header</Filter>
    </ClInclude>
    <ClInclude Include="..\header\n2interfaces.h">
      <Filter>header</Filter>
    </ClInclude>
    <ClInclude Include="..\header\n2miniXml.h">
      <Filter>header</Filter>
    </ClInclude>
    <ClInclude Include="..\header\n2point.h">
      <Filter>header</Filter>
    </ClInclude>
    <ClInclude Include="..\header\n2toolview.h">
      <Filter>header</Filter>
    </ClInclude>
    <ClInclude Include="..\header\n2utoatou.h">
      <Filter>header</Filter>
    </ClInclude>
    <ClInclude Include="..\header\n2view.h">
      <Filter>header</Filter>
    </ClInclude>
    <ClInclude Include="..\header\n2viewglue.h">
      <Filter>header</Filter>
    </ClInclude>
    <ClInclude Include="..\header\n2fontmanager.h">
      <Filter>header</Filter>
    </ClInclude>
    <ClInclude Include="..\header\n2fontlist.h">
      <Filter>header</Filter>
    </ClInclude>
    <ClInclude Include="..\header\n2selector.h">
      <Filter>header</Filter>
    </ClInclude>
    <ClInclude Include="..\header\n2scroller.h">
      <Filter>header</Filter>
    </ClInclude>
  </ItemGroup>
  <ItemGroup>
    <ClCompile Include="..\source\n2appmanager.cpp">
      <Filter>source</Filter>
    </ClCompile>
    <ClCompile Include="..\source\n2commander.cpp">
      <Filter>source</Filter>
    </ClCompile>
    <ClCompile Include="..\source\n2connection.cpp">
      <Filter>source</Filter>
    </ClCompile>
    <ClCompile Include="..\source\n2draw.cpp">
      <Filter>source</Filter>
    </ClCompile>
    <ClCompile Include="..\source\n2drawmanager.cpp">
      <Filter>source</Filter>
    </ClCompile>
    <ClCompile Include="..\source\n2exthandler.cpp">
      <Filter>source</Filter>
    </ClCompile>
    <ClCompile Include="..\source\n2imagemanager.cpp">
      <Filter>source</Filter>
    </ClCompile>
    <ClCompile Include="..\source\n2miniXml.cpp">
      <Filter>source</Filter>
    </ClCompile>
    <ClCompile Include="..\source\n2toolview.cpp">
      <Filter>source</Filter>
    </ClCompile>
    <ClCompile Include="..\source\n2view.cpp">
      <Filter>source</Filter>
    </ClCompile>
    <ClCompile Include="..\source\n2viewglue.cpp">
      <Filter>source</Filter>
    </ClCompile>
    <ClCompile Include="..\source\n2fontManager.cpp">
      <Filter>source</Filter>
    </ClCompile>
    <ClCompile Include="..\source\n2fontlist.cpp">
      <Filter>source</Filter>
    </ClCompile>
    <ClCompile Include="..\source\n2selector.cpp">
      <Filter>source</Filter>
    </ClCompile>
    <ClCompile Include="..\source\n2scroller.cpp">
      <Filter>source</Filter>
    </ClCompile>
  </ItemGroup>
  <ItemGroup>
    <None Include="ClassDiagram.cd" />
  </ItemGroup>
</Project>