<?xml version="1.0" encoding="utf-8"?>
<Project ToolsVersion="14.0" xmlns="http://schemas.microsoft.com/developer/msbuild/2003">
  <ItemGroup>
    <Filter Include="header">
      <UniqueIdentifier>{b301247d-4e84-4cd3-afd6-9257a47f2a8c}</UniqueIdentifier>
    </Filter>
    <Filter Include="source">
      <UniqueIdentifier>{2b3d5fee-1635-4eb5-a21e-c5febd9fc2e7}</UniqueIdentifier>
    </Filter>
  </ItemGroup>
  <ItemGroup>
    <ClInclude Include="..\header\n2draw.h">
      <Filter>header</Filter>
    </ClInclude>
    <ClInclude Include="..\header\n2drawmanager.h">
      <Filter>header</Filter>
    </ClInclude>
    <ClInclude Include="..\header\n2connection.h">
      <Filter>header</Filter>
    </ClInclude>
    <ClInclude Include="..\header\n2view.h">
      <Filter>header</Filter>
    </ClInclude>
    <ClInclude Include="..\header\MerlinoVCPU.h">
      <Filter>header</Filter>
    </ClInclude>
    <ClInclude Include="..\header\n2viewglue.h">
      <Filter>header</Filter>
    </ClInclude>
    <ClInclude Include="..\header\n2miniXml.h">
      <Filter>header</Filter>
    </ClInclude>
    <ClInclude Include="..\header\n2appmanager.h">
      <Filter>header</Filter>
    </ClInclude>
    <ClInclude Include="..\header\n2imagemanager.h">
      <Filter>header</Filter>
    </ClInclude>
    <ClInclude Include="..\header\n2commander.h">
      <Filter>header</Filter>
    </ClInclude>
  </ItemGroup>
  <ItemGroup>
    <ClCompile Include="..\source\n2draw.cpp">
      <Filter>source</Filter>
    </ClCompile>
    <ClCompile Include="..\source\n2drawmanager.cpp">
      <Filter>source</Filter>
    </ClCompile>
    <ClCompile Include="..\source\n2connection.cpp">
      <Filter>source</Filter>
    </ClCompile>
    <ClCompile Include="..\source\n2view.cpp">
      <Filter>source</Filter>
    </ClCompile>
    <ClCompile Include="..\source\n2viewglue.cpp">
      <Filter>source</Filter>
    </ClCompile>
    <ClCompile Include="..\source\n2miniXml.cpp">
      <Filter>source</Filter>
    </ClCompile>
    <ClCompile Include="..\source\n2imagemanager.cpp">
      <Filter>source</Filter>
    </ClCompile>
    <ClCompile Include="..\source\n2appmanager.cpp">
      <Filter>source</Filter>
    </ClCompile>
    <ClCompile Include="..\source\n2commander.cpp">
      <Filter>source</Filter>
    </ClCompile>
  </ItemGroup>
</Project>